{
  "version": "5",
  "specifiers": {
    "jsr:@std/assert@1": "1.0.13",
    "jsr:@std/cli@*": "1.0.8",
    "jsr:@std/dotenv@*": "0.225.3",
    "jsr:@std/internal@^1.0.6": "1.0.8",
    "npm:@tomic/lib@*": "0.40.0",
    "npm:@tomic/lib@0.40": "0.40.0"
  },
  "jsr": {
    "@std/assert@1.0.13": {
      "integrity": "ae0d31e41919b12c656c742b22522c32fb26ed0cba32975cb0de2a273cb68b29",
      "dependencies": [
        "jsr:@std/internal"
      ]
    },
    "@std/cli@1.0.8": {
      "integrity": "3762d8dc9a373715c08d871c38d45e637b25266f013a1d0bbe560bca409de94e"
    },
    "@std/dotenv@0.225.3": {
      "integrity": "a95e5b812c27b0854c52acbae215856d9cce9d4bbf774d938c51d212711e8d4a"
    },
    "@std/internal@1.0.8": {
      "integrity": "fc66e846d8d38a47cffd274d80d2ca3f0de71040f855783724bb6b87f60891f5"
    }
  },
  "npm": {
    "@noble/ed25519@1.6.0": {
      "integrity": "sha512-UKju89WV37IUALIMfKhKW3psO8AqmrE/GvH6QbPKjzolQ98zM7WmGUeY+xdIgSf5tqPFf75ZCYMgym6E9Jsw3Q=="
    },
    "@noble/hashes@0.5.9": {
      "integrity": "sha512-7lN1Qh6d8DUGmfN36XRsbN/WcGIPNtTGhkw26vWId/DlCIGsYJJootTtPGghTLcn/AaXPx2Q0b3cacrwXa7OVw==",
      "deprecated": true
    },
    "@tomic/lib@0.40.0": {
      "integrity": "sha512-Js8e6EEAnC0zKmk7OuHWv+fkA+2i8C/H2HI8IARD8HPBHO1t4cwnuMsNhVQght3i5d/CSdYysvg44DAiGFGgbQ==",
      "dependencies": [
        "@noble/ed25519",
        "@noble/hashes",
        "base64-arraybuffer",
        "fast-json-stable-stringify",
        "ulidx"
      ]
    },
    "base64-arraybuffer@1.0.2": {
      "integrity": "sha512-I3yl4r9QB5ZRY3XuJVEPfc2XhZO6YweFPI+UovAzn+8/hb3oJ6lnysaFcjVpkCPfVWFUDvoZ8kmVDP7WyRtYtQ=="
    },
    "fast-json-stable-stringify@2.1.0": {
      "integrity": "sha512-lhd/wF+Lk98HZoTCtlVraHtfh5XYijIjalXck7saUtuanSDyLMxnHhSXEDJqHxD7msR8D0uCmqlkwjCV8xvwHw=="
    },
    "layerr@3.0.0": {
      "integrity": "sha512-tv754Ki2dXpPVApOrjTyRo4/QegVb9eVFq4mjqp4+NM5NaX7syQvN5BBNfV/ZpAHCEHV24XdUVrBAoka4jt3pA=="
    },
    "ulidx@2.4.1": {
      "integrity": "sha512-xY7c8LPyzvhvew0Fn+Ek3wBC9STZAuDI/Y5andCKi9AX6/jvfaX45PhsDX8oxgPL0YFp0Jhr8qWMbS/p9375Xg==",
      "dependencies": [
        "layerr"
      ]
    }
  },
  "workspace": {
    "dependencies": [
      "jsr:@std/assert@1",
      "npm:@tomic/lib@0.40"
    ]
  }
}
